Microsoft Visual Studio Solution File, Format Version 12.00
# Visual Studio Version 17
VisualStudioVersion = 17.5.2.0
MinimumVisualStudioVersion = 10.0.40219.1
Project("{FAE04EC0-301F-11D3-BF4B-00C04F79EFBC}") = "SiteCadastro", "SiteCadastro.csproj", "{74F940DC-84CA-F365-95CD-5654C4392975}"
EndProject
Global
	GlobalSection(SolutionConfigurationPlatforms) = preSolution
		Debug|Any CPU = Debug|Any CPU
		Release|Any CPU = Release|Any CPU
	EndGlobalSection
	GlobalSection(ProjectConfigurationPlatforms) = postSolution
		{74F940DC-84CA-F365-95CD-5654C4392975}.Debug|Any CPU.ActiveCfg = Debug|Any CPU
		{74F940DC-84CA-F365-95CD-5654C4392975}.Debug|Any CPU.Build.0 = Debug|Any CPU
		{74F940DC-84CA-F365-95CD-5654C4392975}.Release|Any CPU.ActiveCfg = Release|Any CPU
		{74F940DC-84CA-F365-95CD-5654C4392975}.Release|Any CPU.Build.0 = Release|Any CPU
	EndGlobalSection
	GlobalSection(SolutionProperties) = preSolution
		HideSolutionNode = FALSE
	EndGlobalSection
	GlobalSection(ExtensibilityGlobals) = postSolution
		SolutionGuid = {7A67210F-B684-4D4B-9A8D-0EB8FC373287}
	EndGlobalSection
EndGlobal
