Microsoft Visual Studio Solution File, Format Version 12.00
# Visual Studio Version 17
VisualStudioVersion = 17.5.2.0
MinimumVisualStudioVersion = 10.0.40219.1
Project("{FAE04EC0-301F-11D3-BF4B-00C04F79EFBC}") = "teste01", "teste01.csproj", "{8168623B-046D-81FD-62DB-1D321EB5ABBD}"
EndProject
Global
	GlobalSection(SolutionConfigurationPlatforms) = preSolution
		Debug|Any CPU = Debug|Any CPU
		Release|Any CPU = Release|Any CPU
	EndGlobalSection
	GlobalSection(ProjectConfigurationPlatforms) = postSolution
		{8168623B-046D-81FD-62DB-1D321EB5ABBD}.Debug|Any CPU.ActiveCfg = Debug|Any CPU
		{8168623B-046D-81FD-62DB-1D321EB5ABBD}.Debug|Any CPU.Build.0 = Debug|Any CPU
		{8168623B-046D-81FD-62DB-1D321EB5ABBD}.Release|Any CPU.ActiveCfg = Release|Any CPU
		{8168623B-046D-81FD-62DB-1D321EB5ABBD}.Release|Any CPU.Build.0 = Release|Any CPU
	EndGlobalSection
	GlobalSection(SolutionProperties) = preSolution
		HideSolutionNode = FALSE
	EndGlobalSection
	GlobalSection(ExtensibilityGlobals) = postSolution
		SolutionGuid = {11C0E1A0-D61E-42A2-8BA4-A2F5E3E6F757}
	EndGlobalSection
EndGlobal
