Microsoft Visual Studio Solution File, Format Version 12.00
# Visual Studio Version 17
VisualStudioVersion = 17.5.2.0
MinimumVisualStudioVersion = 10.0.40219.1
Project("{FAE04EC0-301F-11D3-BF4B-00C04F79EFBC}") = "Gerenciador_Tarefas_SemSQL", "Gerenciador_Tarefas_SemSQL.csproj", "{523EE3BC-F001-988E-2227-EBD54316DDFD}"
EndProject
Global
	GlobalSection(SolutionConfigurationPlatforms) = preSolution
		Debug|Any CPU = Debug|Any CPU
		Release|Any CPU = Release|Any CPU
	EndGlobalSection
	GlobalSection(ProjectConfigurationPlatforms) = postSolution
		{523EE3BC-F001-988E-2227-EBD54316DDFD}.Debug|Any CPU.ActiveCfg = Debug|Any CPU
		{523EE3BC-F001-988E-2227-EBD54316DDFD}.Debug|Any CPU.Build.0 = Debug|Any CPU
		{523EE3BC-F001-988E-2227-EBD54316DDFD}.Release|Any CPU.ActiveCfg = Release|Any CPU
		{523EE3BC-F001-988E-2227-EBD54316DDFD}.Release|Any CPU.Build.0 = Release|Any CPU
	EndGlobalSection
	GlobalSection(SolutionProperties) = preSolution
		HideSolutionNode = FALSE
	EndGlobalSection
	GlobalSection(ExtensibilityGlobals) = postSolution
		SolutionGuid = {E1736806-12C6-4508-8F41-DD72F62FCB02}
	EndGlobalSection
EndGlobal
